{
  "name": "@obinexusltd/sqlite3-polycall",
  "version": "1.0.0",
  "lockfileVersion": 3,
  "requires": true,
  "packages": {
    "": {
      "name": "@obinexusltd/sqlite3-polycall",
      "version": "1.0.0",
      "license": "MIT",
      "bin": {
        "sqlite-polycall": "bin/sqlite3-polycall.js",
        "sqlite3-polycall": "bin/sqlite3-polycall.js"
      },
      "engines": {
        "node": ">=16"
      }
    }
  }
}
